github.com/fmagana-fhps/incidentiq-api-go v0.0.1 h1:F/DX2PkpYpmPeJwIbLJUXLyRnxsZhW+KwpC5MRMz/OM=
github.com/fmagana-fhps/incidentiq-api-go v0.0.1/go.mod h1:9ZUAoVzeQVdl2ie3fYjIy6L7gnqxNEJRto4GcZKOdXA=
github.com/fmagana-fhps/incidentiq-api-go v0.0.2 h1:W7W3gyRloaWIzGdikCEFtc7ZCyrMHnk4sXo/VnfsdGA=
github.com/fmagana-fhps/incidentiq-api-go v0.0.2/go.mod h1:9ZUAoVzeQVdl2ie3fYjIy6L7gnqxNEJRto4GcZKOdXA=
github.com/joho/godotenv v1.5.1 h1:7eLL/+HRGLY0ldzfGMeQkb7vMd0as4CfYvUVzLqw0N0=
github.com/joho/godotenv v1.5.1/go.mod h1:f4LDr5Voq0i2e/R5DDNOoa2zzDfwtkZa6DnEwAbqwq4=
