github.com/fmagana-fhps/incidentiq-api-go v0.0.0-20230809123810-23911899be0b h1:1qAW8uHht62IKrBOIGejvetZWjQe1KVG72GLOe0TP/o=
github.com/fmagana-fhps/incidentiq-api-go v0.0.0-20230809123810-23911899be0b/go.mod h1:9ZUAoVzeQVdl2ie3fYjIy6L7gnqxNEJRto4GcZKOdXA=
github.com/fmagana-fhps/incidentiq-api-go v0.0.0-20230809131432-476582fb49c4 h1:POp6ojWKvEvZfWQ9zovc0n/belWq1LF+qpvLWTiHoYM=
github.com/fmagana-fhps/incidentiq-api-go v0.0.0-20230809131432-476582fb49c4/go.mod h1:9ZUAoVzeQVdl2ie3fYjIy6L7gnqxNEJRto4GcZKOdXA=
github.com/fmagana-fhps/incidentiq-api-go v0.0.0-20230810153943-d06a95109c30 h1:AUqk1N+99S8Q3cziQFiTl6Ai3JMXRXtp6PChY98HMVM=
github.com/fmagana-fhps/incidentiq-api-go v0.0.0-20230810153943-d06a95109c30/go.mod h1:9ZUAoVzeQVdl2ie3fYjIy6L7gnqxNEJRto4GcZKOdXA=
github.com/joho/godotenv v1.5.1 h1:7eLL/+HRGLY0ldzfGMeQkb7vMd0as4CfYvUVzLqw0N0=
github.com/joho/godotenv v1.5.1/go.mod h1:f4LDr5Voq0i2e/R5DDNOoa2zzDfwtkZa6DnEwAbqwq4=
